
Microsoft Visual Studio Solution File, Format Version 12.00
# Visual Studio Version 17
VisualStudioVersion = 17.10.34902.84
MinimumVisualStudioVersion = 10.0.40219.1
Project("{FAE04EC0-301F-11D3-BF4B-00C04F79EFBC}") = "OCR.Web", "OCR.Web\OCR.Web.csproj", "{88117156-19BD-4821-8087-0A00C1734955}"
EndProject
Project("{FAE04EC0-301F-11D3-BF4B-00C04F79EFBC}") = "OCR.Dominio", "OCR.Dominio\OCR.Dominio.csproj", "{5C8E732A-225B-4DE8-AB03-F947D732AB8F}"
EndProject
Project("{FAE04EC0-301F-11D3-BF4B-00C04F79EFBC}") = "OCR.Infraestuctura", "OCR.Infraestuctura\OCR.Infraestuctura.csproj", "{7F7203F2-CB78-47A9-B273-C2C60A4448D2}"
EndProject
Project("{FAE04EC0-301F-11D3-BF4B-00C04F79EFBC}") = "OCR.Aplicacion", "OCR.Aplicacion\OCR.Aplicacion.csproj", "{53FD20BF-F451-448F-84E8-F22AD72A9D6F}"
EndProject
Global
	GlobalSection(SolutionConfigurationPlatforms) = preSolution
		Debug|Any CPU = Debug|Any CPU
		Release|Any CPU = Release|Any CPU
	EndGlobalSection
	GlobalSection(ProjectConfigurationPlatforms) = postSolution
		{88117156-19BD-4821-8087-0A00C1734955}.Debug|Any CPU.ActiveCfg = Debug|Any CPU
		{88117156-19BD-4821-8087-0A00C1734955}.Debug|Any CPU.Build.0 = Debug|Any CPU
		{88117156-19BD-4821-8087-0A00C1734955}.Release|Any CPU.ActiveCfg = Release|Any CPU
		{88117156-19BD-4821-8087-0A00C1734955}.Release|Any CPU.Build.0 = Release|Any CPU
		{5C8E732A-225B-4DE8-AB03-F947D732AB8F}.Debug|Any CPU.ActiveCfg = Debug|Any CPU
		{5C8E732A-225B-4DE8-AB03-F947D732AB8F}.Debug|Any CPU.Build.0 = Debug|Any CPU
		{5C8E732A-225B-4DE8-AB03-F947D732AB8F}.Release|Any CPU.ActiveCfg = Release|Any CPU
		{5C8E732A-225B-4DE8-AB03-F947D732AB8F}.Release|Any CPU.Build.0 = Release|Any CPU
		{7F7203F2-CB78-47A9-B273-C2C60A4448D2}.Debug|Any CPU.ActiveCfg = Debug|Any CPU
		{7F7203F2-CB78-47A9-B273-C2C60A4448D2}.Debug|Any CPU.Build.0 = Debug|Any CPU
		{7F7203F2-CB78-47A9-B273-C2C60A4448D2}.Release|Any CPU.ActiveCfg = Release|Any CPU
		{7F7203F2-CB78-47A9-B273-C2C60A4448D2}.Release|Any CPU.Build.0 = Release|Any CPU
		{53FD20BF-F451-448F-84E8-F22AD72A9D6F}.Debug|Any CPU.ActiveCfg = Debug|Any CPU
		{53FD20BF-F451-448F-84E8-F22AD72A9D6F}.Debug|Any CPU.Build.0 = Debug|Any CPU
		{53FD20BF-F451-448F-84E8-F22AD72A9D6F}.Release|Any CPU.ActiveCfg = Release|Any CPU
		{53FD20BF-F451-448F-84E8-F22AD72A9D6F}.Release|Any CPU.Build.0 = Release|Any CPU
	EndGlobalSection
	GlobalSection(SolutionProperties) = preSolution
		HideSolutionNode = FALSE
	EndGlobalSection
	GlobalSection(ExtensibilityGlobals) = postSolution
		SolutionGuid = {BA08CCE3-BD04-4DFE-96DE-E1C98D83D5AA}
	EndGlobalSection
EndGlobal
